
Microsoft Visual Studio Solution File, Format Version 12.00
# Visual Studio Version 17
VisualStudioVersion = 17.5.002.0
MinimumVisualStudioVersion = 10.0.40219.1
Project("{9A19103F-16F7-4668-BE54-9A1E7A4F7556}") = "stripenet.api", "stripenet.api.csproj", "{F34CB6AC-4620-406A-BF85-ED1172F7725A}"
EndProject
Global
	GlobalSection(SolutionConfigurationPlatforms) = preSolution
		Debug|Any CPU = Debug|Any CPU
		Release|Any CPU = Release|Any CPU
	EndGlobalSection
	GlobalSection(ProjectConfigurationPlatforms) = postSolution
		{F34CB6AC-4620-406A-BF85-ED1172F7725A}.Debug|Any CPU.ActiveCfg = Debug|Any CPU
		{F34CB6AC-4620-406A-BF85-ED1172F7725A}.Debug|Any CPU.Build.0 = Debug|Any CPU
		{F34CB6AC-4620-406A-BF85-ED1172F7725A}.Release|Any CPU.ActiveCfg = Release|Any CPU
		{F34CB6AC-4620-406A-BF85-ED1172F7725A}.Release|Any CPU.Build.0 = Release|Any CPU
	EndGlobalSection
	GlobalSection(SolutionProperties) = preSolution
		HideSolutionNode = FALSE
	EndGlobalSection
	GlobalSection(ExtensibilityGlobals) = postSolution
		SolutionGuid = {25D107A9-4F21-42FB-8424-0C7176D2B5A6}
	EndGlobalSection
EndGlobal
